// !$*UTF8*$!
{
	archiveVersion = 1;
	classes = {
	};
	objectVersion = 77;
	objects = {

/* Begin PBXContainerItemProxy section */
		B0F5B5ED2FACEE910019D14B /* PBXContainerItemProxy */ = {
			isa = PBXContainerItemProxy;
			containerPortal = B0F5B5D72FACEE8F0019D14B /* Project object */;
			proxyType = 1;
			remoteGlobalIDString = B0F5B5DE2FACEE8F0019D14B;
			remoteInfo = days_front;
		};
		B0F5B5F72FACEE910019D14B /* PBXContainerItemProxy */ = {
			isa = PBXContainerItemProxy;
			containerPortal = B0F5B5D72FACEE8F0019D14B /* Project object */;
			proxyType = 1;
			remoteGlobalIDString = B0F5B5DE2FACEE8F0019D14B;
			remoteInfo = days_front;
		};
/* End PBXContainerItemProxy section */

/* Begin PBXFileReference section */
		B0F5B5DF2FACEE8F0019D14B /* days_front.app */ = {isa = PBXFileReference; explicitFileType = wrapper.application; includeInIndex = 0; path = days_front.app; sourceTree = BUILT_PRODUCTS_DIR; };
		B0F5B5EC2FACEE910019D14B /* days_frontTests.xctest */ = {isa = PBXFileReference; explicitFileType = wrapper.cfbundle; includeInIndex = 0; path = days_frontTests.xctest; sourceTree = BUILT_PRODUCTS_DIR; };
		B0F5B5F62FACEE910019D14B /* days_frontUITests.xctest */ = {isa = PBXFileReference; explicitFileType = wrapper.cfbundle; includeInIndex = 0; path = days_frontUITests.xctest; sourceTree = BUILT_PRODUCTS_DIR; };
/* End PBXFileReference section */

/* Begin PBXFileSystemSynchronizedRootGroup section */
		B0F5B5E12FACEE8F0019D14B /* days_front */ = {
			isa = PBXFileSystemSynchronizedRootGroup;
			path = days_front;
			sourceTree = "<group>";
		};
		B0F5B5EF2FACEE910019D14B /* days_frontTests */ = {
			isa = PBXFileSystemSynchronizedRootGroup;
			path = days_frontTests;
			sourceTree = "<group>";
		};
		B0F5B5F92FACEE910019D14B /* days_frontUITests */ = {
			isa = PBXFileSystemSynchronizedRootGroup;
			path = days_frontUITests;
			sourceTree = "<group>";
		};
/* End PBXFileSystemSynchronizedRootGroup section */

/* Begin PBXFrameworksBuildPhase section */
		B0F5B5DC2FACEE8F0019D14B /* Frameworks */ = {
			isa = PBXFrameworksBuildPhase;
			buildActionMask = 2147483647;
			files = (
			);
			runOnlyForDeploymentPostprocessing = 0;
		};
		B0F5B5E92FACEE910019D14B /* Frameworks */ = {
			isa = PBXFrameworksBuildPhase;
			buildActionMask = 2147483647;
			files = (
			);
			runOnlyForDeploymentPostprocessing = 0;
		};
		B0F5B5F32FACEE910019D14B /* Frameworks */ = {
			isa = PBXFrameworksBuildPhase;
			buildActionMask = 2147483647;
			files = (
			);
			runOnlyForDeploymentPostprocessing = 0;
		};
/* End PBXFrameworksBuildPhase section */

/* Begin PBXGroup section */
		B0F5B5D62FACEE8F0019D14B = {
			isa = PBXGroup;
			children = (
				B0F5B5EF2FACEE910019D14B /* days_frontTests */,
				B0F5B5F92FACEE910019D14B /* days_frontUITests */,
				B0F5B5E02FACEE8F0019D14B /* Products */,
				B0F5B5E12FACEE8F0019D14B /* days_front */,
			);
			sourceTree = "<group>";
		};
		B0F5B5E02FACEE8F0019D14B /* Products */ = {
			isa = PBXGroup;
			children = (
				B0F5B5DF2FACEE8F0019D14B /* days_front.app */,
				B0F5B5EC2FACEE910019D14B /* days_frontTests.xctest */,
				B0F5B5F62FACEE910019D14B /* days_frontUITests.xctest */,
			);
			name = Products;
			sourceTree = "<group>";
		};
/* End PBXGroup section */

/* Begin PBXNativeTarget section */
		B0F5B5DE2FACEE8F0019D14B /* days_front */ = {
			isa = PBXNativeTarget;
			buildConfigurationList = B0F5B6002FACEE910019D14B /* Build configuration list for PBXNativeTarget "days_front" */;
			buildPhases = (
				B0F5B5DB2FACEE8F0019D14B /* Sources */,
				B0F5B5DC2FACEE8F0019D14B /* Frameworks */,
				B0F5B5DD2FACEE8F0019D14B /* Resources */,
			);
			buildRules = (
			);
			dependencies = (
			);
			fileSystemSynchronizedGroups = (
				B0F5B5E12FACEE8F0019D14B /* days_front */,
			);
			name = days_front;
			packageProductDependencies = (
			);
			productName = days_front;
			productReference = B0F5B5DF2FACEE8F0019D14B /* days_front.app */;
			productType = "com.apple.product-type.application";
		};
		B0F5B5EB2FACEE910019D14B /* days_frontTests */ = {
			isa = PBXNativeTarget;
			buildConfigurationList = B0F5B6032FACEE910019D14B /* Build configuration list for PBXNativeTarget "days_frontTests" */;
			buildPhases = (
				B0F5B5E82FACEE910019D14B /* Sources */,
				B0F5B5E92FACEE910019D14B /* Frameworks */,
				B0F5B5EA2FACEE910019D14B /* Resources */,
			);
			buildRules = (
			);
			dependencies = (
				B0F5B5EE2FACEE910019D14B /* PBXTargetDependency */,
			);
			fileSystemSynchronizedGroups = (
				B0F5B5EF2FACEE910019D14B /* days_frontTests */,
			);
			name = days_frontTests;
			packageProductDependencies = (
			);
			productName = days_frontTests;
			productReference = B0F5B5EC2FACEE910019D14B /* days_frontTests.xctest */;
			productType = "com.apple.product-type.bundle.unit-test";
		};
		B0F5B5F52FACEE910019D14B /* days_frontUITests */ = {
			isa = PBXNativeTarget;
			buildConfigurationList = B0F5B6062FACEE910019D14B /* Build configuration list for PBXNativeTarget "days_frontUITests" */;
			buildPhases = (
				B0F5B5F22FACEE910019D14B /* Sources */,
				B0F5B5F32FACEE910019D14B /* Frameworks */,
				B0F5B5F42FACEE910019D14B /* Resources */,
			);
			buildRules = (
			);
			dependencies = (
				B0F5B5F82FACEE910019D14B /* PBXTargetDependency */,
			);
			fileSystemSynchronizedGroups = (
				B0F5B5F92FACEE910019D14B /* days_frontUITests */,
			);
			name = days_frontUITests;
			packageProductDependencies = (
			);
			productName = days_frontUITests;
			productReference = B0F5B5F62FACEE910019D14B /* days_frontUITests.xctest */;
			productType = "com.apple.product-type.bundle.ui-testing";
		};
/* End PBXNativeTarget section */

/* Begin PBXProject section */
		B0F5B5D72FACEE8F0019D14B /* Project object */ = {
			isa = PBXProject;
			attributes = {
				BuildIndependentTargetsInParallel = 1;
				LastSwiftUpdateCheck = 1640;
				LastUpgradeCheck = 1640;
				TargetAttributes = {
					B0F5B5DE2FACEE8F0019D14B = {
						CreatedOnToolsVersion = 16.4;
					};
					B0F5B5EB2FACEE910019D14B = {
						CreatedOnToolsVersion = 16.4;
						TestTargetID = B0F5B5DE2FACEE8F0019D14B;
					};
					B0F5B5F52FACEE910019D14B = {
						CreatedOnToolsVersion = 16.4;
						TestTargetID = B0F5B5DE2FACEE8F0019D14B;
					};
				};
			};
			buildConfigurationList = B0F5B5DA2FACEE8F0019D14B /* Build configuration list for PBXProject "days_front" */;
			developmentRegion = en;
			hasScannedForEncodings = 0;
			knownRegions = (
				en,
				Base,
			);
			mainGroup = B0F5B5D62FACEE8F0019D14B;
			minimizedProjectReferenceProxies = 1;
			preferredProjectObjectVersion = 77;
			productRefGroup = B0F5B5E02FACEE8F0019D14B /* Products */;
			projectDirPath = "";
			projectRoot = "";
			targets = (
				B0F5B5DE2FACEE8F0019D14B /* days_front */,
				B0F5B5EB2FACEE910019D14B /* days_frontTests */,
				B0F5B5F52FACEE910019D14B /* days_frontUITests */,
			);
		};
/* End PBXProject section */

/* Begin PBXResourcesBuildPhase section */
		B0F5B5DD2FACEE8F0019D14B /* Resources */ = {
			isa = PBXResourcesBuildPhase;
			buildActionMask = 2147483647;
			files = (
			);
			runOnlyForDeploymentPostprocessing = 0;
		};
		B0F5B5EA2FACEE910019D14B /* Resources */ = {
			isa = PBXResourcesBuildPhase;
			buildActionMask = 2147483647;
			files = (
			);
			runOnlyForDeploymentPostprocessing = 0;
		};
		B0F5B5F42FACEE910019D14B /* Resources */ = {
			isa = PBXResourcesBuildPhase;
			buildActionMask = 2147483647;
			files = (
			);
			runOnlyForDeploymentPostprocessing = 0;
		};
/* End PBXResourcesBuildPhase section */

/* Begin PBXSourcesBuildPhase section */
		B0F5B5DB2FACEE8F0019D14B /* Sources */ = {
			isa = PBXSourcesBuildPhase;
			buildActionMask = 2147483647;
			files = (
			);
			runOnlyForDeploymentPostprocessing = 0;
		};
		B0F5B5E82FACEE910019D14B /* Sources */ = {
			isa = PBXSourcesBuildPhase;
			buildActionMask = 2147483647;
			files = (
			);
			runOnlyForDeploymentPostprocessing = 0;
		};
		B0F5B5F22FACEE910019D14B /* Sources */ = {
			isa = PBXSourcesBuildPhase;
			buildActionMask = 2147483647;
			files = (
			);
			runOnlyForDeploymentPostprocessing = 0;
		};
/* End PBXSourcesBuildPhase section */

/* Begin PBXTargetDependency section */
		B0F5B5EE2FACEE910019D14B /* PBXTargetDependency */ = {
			isa = PBXTargetDependency;
			target = B0F5B5DE2FACEE8F0019D14B /* days_front */;
			targetProxy = B0F5B5ED2FACEE910019D14B /* PBXContainerItemProxy */;
		};
		B0F5B5F82FACEE910019D14B /* PBXTargetDependency */ = {
			isa = PBXTargetDependency;
			target = B0F5B5DE2FACEE8F0019D14B /* days_front */;
			targetProxy = B0F5B5F72FACEE910019D14B /* PBXContainerItemProxy */;
		};
/* End PBXTargetDependency section */

/* Begin XCBuildConfiguration section */
		B0F5B5FE2FACEE910019D14B /* Debug */ = {
			isa = XCBuildConfiguration;
			buildSettings = {
				ALWAYS_SEARCH_USER_PATHS = NO;
				ASSETCATALOG_COMPILER_GENERATE_SWIFT_ASSET_SYMBOL_EXTENSIONS = YES;
				CLANG_ANALYZER_NONNULL = YES;
				CLANG_ANALYZER_NUMBER_OBJECT_CONVERSION = YES_AGGRESSIVE;
				CLANG_CXX_LANGUAGE_STANDARD = "gnu++20";
				CLANG_ENABLE_MODULES = YES;
				CLANG_ENABLE_OBJC_ARC = YES;
				CLANG_ENABLE_OBJC_WEAK = YES;
				CLANG_WARN_BLOCK_CAPTURE_AUTORELEASING = YES;
				CLANG_WARN_BOOL_CONVERSION = YES;
				CLANG_WARN_COMMA = YES;
				CLANG_WARN_CONSTANT_CONVERSION = YES;
				CLANG_WARN_DEPRECATED_OBJC_IMPLEMENTATIONS = YES;
				CLANG_WARN_DIRECT_OBJC_ISA_USAGE = YES_ERROR;
				CLANG_WARN_DOCUMENTATION_COMMENTS = YES;
				CLANG_WARN_EMPTY_BODY = YES;
				CLANG_WARN_ENUM_CONVERSION = YES;
				CLANG_WARN_INFINITE_RECURSION = YES;
				CLANG_WARN_INT_CONVERSION = YES;
				CLANG_WARN_NON_LITERAL_NULL_CONVERSION = YES;
				CLANG_WARN_OBJC_IMPLICIT_RETAIN_SELF = YES;
				CLANG_WARN_OBJC_LITERAL_CONVERSION = YES;
				CLANG_WARN_OBJC_ROOT_CLASS = YES_ERROR;
				CLANG_WARN_QUOTED_INCLUDE_IN_FRAMEWORK_HEADER = YES;
				CLANG_WARN_RANGE_LOOP_ANALYSIS = YES;
				CLANG_WARN_STRICT_PROTOTYPES = YES;
				CLANG_WARN_SUSPICIOUS_MOVE = YES;
				CLANG_WARN_UNGUARDED_AVAILABILITY = YES_AGGRESSIVE;
				CLANG_WARN_UNREACHABLE_CODE = YES;
				CLANG_WARN__DUPLICATE_METHOD_MATCH = YES;
				COPY_PHASE_STRIP = NO;
				DEBUG_INFORMATION_FORMAT = dwarf;
				ENABLE_STRICT_OBJC_MSGSEND = YES;
				ENABLE_TESTABILITY = YES;
				ENABLE_USER_SCRIPT_SANDBOXING = YES;
				GCC_C_LANGUAGE_STANDARD = gnu17;
				GCC_DYNAMIC_NO_PIC = NO;
				GCC_NO_COMMON_BLOCKS = YES;
				GCC_OPTIMIZATION_LEVEL = 0;
				GCC_PREPROCESSOR_DEFINITIONS = (
					"DEBUG=1",
					"$(inherited)",
				);
				GCC_WARN_64_TO_32_BIT_CONVERSION = YES;
				GCC_WARN_ABOUT_RETURN_TYPE = YES_ERROR;
				GCC_WARN_UNDECLARED_SELECTOR = YES;
				GCC_WARN_UNINITIALIZED_AUTOS = YES_AGGRESSIVE;
				GCC_WARN_UNUSED_FUNCTION = YES;
				GCC_WARN_UNUSED_VARIABLE = YES;
				IPHONEOS_DEPLOYMENT_TARGET = 18.5;
				LOCALIZATION_PREFERS_STRING_CATALOGS = YES;
				MTL_ENABLE_DEBUG_INFO = INCLUDE_SOURCE;
				MTL_FAST_MATH = YES;
				ONLY_ACTIVE_ARCH = YES;
				SDKROOT = iphoneos;
				SWIFT_ACTIVE_COMPILATION_CONDITIONS = "DEBUG $(inherited)";
				SWIFT_OPTIMIZATION_LEVEL = "-Onone";
			};
			name = Debug;
		};
		B0F5B5FF2FACEE910019D14B /* Release */ = {
			isa = XCBuildConfiguration;
			buildSettings = {
				ALWAYS_SEARCH_USER_PATHS = NO;
				ASSETCATALOG_COMPILER_GENERATE_SWIFT_ASSET_SYMBOL_EXTENSIONS = YES;
				CLANG_ANALYZER_NONNULL = YES;
				CLANG_ANALYZER_NUMBER_OBJECT_CONVERSION = YES_AGGRESSIVE;
				CLANG_CXX_LANGUAGE_STANDARD = "gnu++20";
				CLANG_ENABLE_MODULES = YES;
				CLANG_ENABLE_OBJC_ARC = YES;
				CLANG_ENABLE_OBJC_WEAK = YES;
				CLANG_WARN_BLOCK_CAPTURE_AUTORELEASING = YES;
				CLANG_WARN_BOOL_CONVERSION = YES;
				CLANG_WARN_COMMA = YES;
				CLANG_WARN_CONSTANT_CONVERSION = YES;
				CLANG_WARN_DEPRECATED_OBJC_IMPLEMENTATIONS = YES;
				CLANG_WARN_DIRECT_OBJC_ISA_USAGE = YES_ERROR;
				CLANG_WARN_DOCUMENTATION_COMMENTS = YES;
				CLANG_WARN_EMPTY_BODY = YES;
				CLANG_WARN_ENUM_CONVERSION = YES;
				CLANG_WARN_INFINITE_RECURSION = YES;
				CLANG_WARN_INT_CONVERSION = YES;
				CLANG_WARN_NON_LITERAL_NULL_CONVERSION = YES;
				CLANG_WARN_OBJC_IMPLICIT_RETAIN_SELF = YES;
				CLANG_WARN_OBJC_LITERAL_CONVERSION = YES;
				CLANG_WARN_OBJC_ROOT_CLASS = YES_ERROR;
				CLANG_WARN_QUOTED_INCLUDE_IN_FRAMEWORK_HEADER = YES;
				CLANG_WARN_RANGE_LOOP_ANALYSIS = YES;
				CLANG_WARN_STRICT_PROTOTYPES = YES;
				CLANG_WARN_SUSPICIOUS_MOVE = YES;
				CLANG_WARN_UNGUARDED_AVAILABILITY = YES_AGGRESSIVE;
				CLANG_WARN_UNREACHABLE_CODE = YES;
				CLANG_WARN__DUPLICATE_METHOD_MATCH = YES;
				COPY_PHASE_STRIP = NO;
				DEBUG_INFORMATION_FORMAT = "dwarf-with-dsym";
				ENABLE_NS_ASSERTIONS = NO;
				ENABLE_STRICT_OBJC_MSGSEND = YES;
				ENABLE_USER_SCRIPT_SANDBOXING = YES;
				GCC_C_LANGUAGE_STANDARD = gnu17;
				GCC_NO_COMMON_BLOCKS = YES;
				GCC_WARN_64_TO_32_BIT_CONVERSION = YES;
				GCC_WARN_ABOUT_RETURN_TYPE = YES_ERROR;
				GCC_WARN_UNDECLARED_SELECTOR = YES;
				GCC_WARN_UNINITIALIZED_AUTOS = YES_AGGRESSIVE;
				GCC_WARN_UNUSED_FUNCTION = YES;
				GCC_WARN_UNUSED_VARIABLE = YES;
				IPHONEOS_DEPLOYMENT_TARGET = 18.5;
				LOCALIZATION_PREFERS_STRING_CATALOGS = YES;
				MTL_ENABLE_DEBUG_INFO = NO;
				MTL_FAST_MATH = YES;
				SDKROOT = iphoneos;
				SWIFT_COMPILATION_MODE = wholemodule;
				VALIDATE_PRODUCT = YES;
			};
			name = Release;
		};
		B0F5B6012FACEE910019D14B /* Debug */ = {
			isa = XCBuildConfiguration;
			buildSettings = {
				ASSETCATALOG_COMPILER_APPICON_NAME = AppIcon;
				ASSETCATALOG_COMPILER_GLOBAL_ACCENT_COLOR_NAME = AccentColor;
				CODE_SIGN_STYLE = Automatic;
				CURRENT_PROJECT_VERSION = 1;
				ENABLE_PREVIEWS = YES;
				GENERATE_INFOPLIST_FILE = YES;
				INFOPLIST_KEY_UIApplicationSceneManifest_Generation = YES;
				INFOPLIST_KEY_UIApplicationSupportsIndirectInputEvents = YES;
				INFOPLIST_KEY_UILaunchScreen_Generation = YES;
				INFOPLIST_KEY_UISupportedInterfaceOrientations_iPad = "UIInterfaceOrientationPortrait UIInterfaceOrientationPortraitUpsideDown UIInterfaceOrientationLandscapeLeft UIInterfaceOrientationLandscapeRight";
				INFOPLIST_KEY_UISupportedInterfaceOrientations_iPhone = "UIInterfaceOrientationPortrait UIInterfaceOrientationLandscapeLeft UIInterfaceOrientationLandscapeRight";
				LD_RUNPATH_SEARCH_PATHS = (
					"$(inherited)",
					"@executable_path/Frameworks",
				);
				MARKETING_VERSION = 1.0;
				PRODUCT_BUNDLE_IDENTIFIER = "SuiNagayama.days-front";
				PRODUCT_NAME = "$(TARGET_NAME)";
				SWIFT_EMIT_LOC_STRINGS = YES;
				SWIFT_VERSION = 5.0;
				TARGETED_DEVICE_FAMILY = "1,2";
			};
			name = Debug;
		};
		B0F5B6022FACEE910019D14B /* Release */ = {
			isa = XCBuildConfiguration;
			buildSettings = {
				ASSETCATALOG_COMPILER_APPICON_NAME = AppIcon;
				ASSETCATALOG_COMPILER_GLOBAL_ACCENT_COLOR_NAME = AccentColor;
				CODE_SIGN_STYLE = Automatic;
				CURRENT_PROJECT_VERSION = 1;
				ENABLE_PREVIEWS = YES;
				GENERATE_INFOPLIST_FILE = YES;
				INFOPLIST_KEY_UIApplicationSceneManifest_Generation = YES;
				INFOPLIST_KEY_UIApplicationSupportsIndirectInputEvents = YES;
				INFOPLIST_KEY_UILaunchScreen_Generation = YES;
				INFOPLIST_KEY_UISupportedInterfaceOrientations_iPad = "UIInterfaceOrientationPortrait UIInterfaceOrientationPortraitUpsideDown UIInterfaceOrientationLandscapeLeft UIInterfaceOrientationLandscapeRight";
				INFOPLIST_KEY_UISupportedInterfaceOrientations_iPhone = "UIInterfaceOrientationPortrait UIInterfaceOrientationLandscapeLeft UIInterfaceOrientationLandscapeRight";
				LD_RUNPATH_SEARCH_PATHS = (
					"$(inherited)",
					"@executable_path/Frameworks",
				);
				MARKETING_VERSION = 1.0;
				PRODUCT_BUNDLE_IDENTIFIER = "SuiNagayama.days-front";
				PRODUCT_NAME = "$(TARGET_NAME)";
				SWIFT_EMIT_LOC_STRINGS = YES;
				SWIFT_VERSION = 5.0;
				TARGETED_DEVICE_FAMILY = "1,2";
			};
			name = Release;
		};
		B0F5B6042FACEE910019D14B /* Debug */ = {
			isa = XCBuildConfiguration;
			buildSettings = {
				BUNDLE_LOADER = "$(TEST_HOST)";
				CODE_SIGN_STYLE = Automatic;
				CURRENT_PROJECT_VERSION = 1;
				GENERATE_INFOPLIST_FILE = YES;
				IPHONEOS_DEPLOYMENT_TARGET = 18.5;
				MARKETING_VERSION = 1.0;
				PRODUCT_BUNDLE_IDENTIFIER = "SuiNagayama.days-frontTests";
				PRODUCT_NAME = "$(TARGET_NAME)";
				SWIFT_EMIT_LOC_STRINGS = NO;
				SWIFT_VERSION = 5.0;
				TARGETED_DEVICE_FAMILY = "1,2";
				TEST_HOST = "$(BUILT_PRODUCTS_DIR)/days_front.app/$(BUNDLE_EXECUTABLE_FOLDER_PATH)/days_front";
			};
			name = Debug;
		};
		B0F5B6052FACEE910019D14B /* Release */ = {
			isa = XCBuildConfiguration;
			buildSettings = {
				BUNDLE_LOADER = "$(TEST_HOST)";
				CODE_SIGN_STYLE = Automatic;
				CURRENT_PROJECT_VERSION = 1;
				GENERATE_INFOPLIST_FILE = YES;
				IPHONEOS_DEPLOYMENT_TARGET = 18.5;
				MARKETING_VERSION = 1.0;
				PRODUCT_BUNDLE_IDENTIFIER = "SuiNagayama.days-frontTests";
				PRODUCT_NAME = "$(TARGET_NAME)";
				SWIFT_EMIT_LOC_STRINGS = NO;
				SWIFT_VERSION = 5.0;
				TARGETED_DEVICE_FAMILY = "1,2";
				TEST_HOST = "$(BUILT_PRODUCTS_DIR)/days_front.app/$(BUNDLE_EXECUTABLE_FOLDER_PATH)/days_front";
			};
			name = Release;
		};
		B0F5B6072FACEE910019D14B /* Debug */ = {
			isa = XCBuildConfiguration;
			buildSettings = {
				CODE_SIGN_STYLE = Automatic;
				CURRENT_PROJECT_VERSION = 1;
				GENERATE_INFOPLIST_FILE = YES;
				MARKETING_VERSION = 1.0;
				PRODUCT_BUNDLE_IDENTIFIER = "SuiNagayama.days-frontUITests";
				PRODUCT_NAME = "$(TARGET_NAME)";
				SWIFT_EMIT_LOC_STRINGS = NO;
				SWIFT_VERSION = 5.0;
				TARGETED_DEVICE_FAMILY = "1,2";
				TEST_TARGET_NAME = days_front;
			};
			name = Debug;
		};
		B0F5B6082FACEE910019D14B /* Release */ = {
			isa = XCBuildConfiguration;
			buildSettings = {
				CODE_SIGN_STYLE = Automatic;
				CURRENT_PROJECT_VERSION = 1;
				GENERATE_INFOPLIST_FILE = YES;
				MARKETING_VERSION = 1.0;
				PRODUCT_BUNDLE_IDENTIFIER = "SuiNagayama.days-frontUITests";
				PRODUCT_NAME = "$(TARGET_NAME)";
				SWIFT_EMIT_LOC_STRINGS = NO;
				SWIFT_VERSION = 5.0;
				TARGETED_DEVICE_FAMILY = "1,2";
				TEST_TARGET_NAME = days_front;
			};
			name = Release;
		};
/* End XCBuildConfiguration section */

/* Begin XCConfigurationList section */
		B0F5B5DA2FACEE8F0019D14B /* Build configuration list for PBXProject "days_front" */ = {
			isa = XCConfigurationList;
			buildConfigurations = (
				B0F5B5FE2FACEE910019D14B /* Debug */,
				B0F5B5FF2FACEE910019D14B /* Release */,
			);
			defaultConfigurationIsVisible = 0;
			defaultConfigurationName = Release;
		};
		B0F5B6002FACEE910019D14B /* Build configuration list for PBXNativeTarget "days_front" */ = {
			isa = XCConfigurationList;
			buildConfigurations = (
				B0F5B6012FACEE910019D14B /* Debug */,
				B0F5B6022FACEE910019D14B /* Release */,
			);
			defaultConfigurationIsVisible = 0;
			defaultConfigurationName = Release;
		};
		B0F5B6032FACEE910019D14B /* Build configuration list for PBXNativeTarget "days_frontTests" */ = {
			isa = XCConfigurationList;
			buildConfigurations = (
				B0F5B6042FACEE910019D14B /* Debug */,
				B0F5B6052FACEE910019D14B /* Release */,
			);
			defaultConfigurationIsVisible = 0;
			defaultConfigurationName = Release;
		};
		B0F5B6062FACEE910019D14B /* Build configuration list for PBXNativeTarget "days_frontUITests" */ = {
			isa = XCConfigurationList;
			buildConfigurations = (
				B0F5B6072FACEE910019D14B /* Debug */,
				B0F5B6082FACEE910019D14B /* Release */,
			);
			defaultConfigurationIsVisible = 0;
			defaultConfigurationName = Release;
		};
/* End XCConfigurationList section */
	};
	rootObject = B0F5B5D72FACEE8F0019D14B /* Project object */;
}
