// !$*UTF8*$!
{
	archiveVersion = 1;
	classes = {
	};
	objectVersion = 56;
	objects = {

/* Begin PBXBuildFile section */
		B07EFF6D2C95E53B00B12717 /* homeView.swift in Sources */ = {isa = PBXBuildFile; fileRef = B07EFF6C2C95E53B00B12717 /* homeView.swift */; };
		B07EFF6F2C95E9D100B12717 /* timeTableView.swift in Sources */ = {isa = PBXBuildFile; fileRef = B07EFF6E2C95E9D100B12717 /* timeTableView.swift */; };
		B07EFF732C9C95A900B12717 /* boardView.swift in Sources */ = {isa = PBXBuildFile; fileRef = B07EFF722C9C95A900B12717 /* boardView.swift */; };
		B07EFF752CA04A0D00B12717 /* sendRequest.swift in Sources */ = {isa = PBXBuildFile; fileRef = B07EFF742CA04A0D00B12717 /* sendRequest.swift */; };
		B07EFF772CAB1C6D00B12717 /* searchResult.swift in Sources */ = {isa = PBXBuildFile; fileRef = B07EFF762CAB1C6D00B12717 /* searchResult.swift */; };
		B07EFF792CAB271A00B12717 /* ModalView.swift in Sources */ = {isa = PBXBuildFile; fileRef = B07EFF782CAB271A00B12717 /* ModalView.swift */; };
		B07EFF7B2CB0801000B12717 /* authView.swift in Sources */ = {isa = PBXBuildFile; fileRef = B07EFF7A2CB0801000B12717 /* authView.swift */; };
		B07EFF7D2CB1A8BE00B12717 /* authControl.swift in Sources */ = {isa = PBXBuildFile; fileRef = B07EFF7C2CB1A8BE00B12717 /* authControl.swift */; };
		B07EFF7F2CB30BC900B12717 /* settingView.swift in Sources */ = {isa = PBXBuildFile; fileRef = B07EFF7E2CB30BC900B12717 /* settingView.swift */; };
		B07EFF812CB434E900B12717 /* addLectureView.swift in Sources */ = {isa = PBXBuildFile; fileRef = B07EFF802CB434E900B12717 /* addLectureView.swift */; };
		B07EFF832CB4474B00B12717 /* getFaculties.swift in Sources */ = {isa = PBXBuildFile; fileRef = B07EFF822CB4474B00B12717 /* getFaculties.swift */; };
		B07EFF852CB57D4200B12717 /* searchLecture.swift in Sources */ = {isa = PBXBuildFile; fileRef = B07EFF842CB57D4200B12717 /* searchLecture.swift */; };
		B07EFF872CBB700900B12717 /* searchLectureResult.swift in Sources */ = {isa = PBXBuildFile; fileRef = B07EFF862CBB700900B12717 /* searchLectureResult.swift */; };
		B07EFF892CBE13EA00B12717 /* resisterLecture.swift in Sources */ = {isa = PBXBuildFile; fileRef = B07EFF882CBE13EA00B12717 /* resisterLecture.swift */; };
		B07EFF8B2CBE51C800B12717 /* getPlaces.swift in Sources */ = {isa = PBXBuildFile; fileRef = B07EFF8A2CBE51C800B12717 /* getPlaces.swift */; };
		B07EFF8D2CC0A80900B12717 /* getUserLectures.swift in Sources */ = {isa = PBXBuildFile; fileRef = B07EFF8C2CC0A80900B12717 /* getUserLectures.swift */; };
		B07EFF8F2CC2D03100B12717 /* friendTableView.swift in Sources */ = {isa = PBXBuildFile; fileRef = B07EFF8E2CC2D03100B12717 /* friendTableView.swift */; };
		B07EFF912CC64F7C00B12717 /* getUserData.swift in Sources */ = {isa = PBXBuildFile; fileRef = B07EFF902CC64F7C00B12717 /* getUserData.swift */; };
		B07EFF932CC6B04500B12717 /* getBoards.swift in Sources */ = {isa = PBXBuildFile; fileRef = B07EFF922CC6B04500B12717 /* getBoards.swift */; };
		B07EFF952CC6BFCF00B12717 /* getPosts.swift in Sources */ = {isa = PBXBuildFile; fileRef = B07EFF942CC6BFCF00B12717 /* getPosts.swift */; };
		B07EFF972CC6DC9800B12717 /* postView.swift in Sources */ = {isa = PBXBuildFile; fileRef = B07EFF962CC6DC9800B12717 /* postView.swift */; };
		B07EFFA02CFF4A1B00B12717 /* PostDetailView.swift in Sources */ = {isa = PBXBuildFile; fileRef = B07EFF9F2CFF4A1A00B12717 /* PostDetailView.swift */; };
		B07EFFAC2D13352A00B12717 /* Main.swift in Sources */ = {isa = PBXBuildFile; fileRef = B07EFFAB2D13352A00B12717 /* Main.swift */; };
		B07EFFAE2D133FBF00B12717 /* GetComments.swift in Sources */ = {isa = PBXBuildFile; fileRef = B07EFFAD2D133FBF00B12717 /* GetComments.swift */; };
		B07EFFB02D174EF600B12717 /* InsertComment.swift in Sources */ = {isa = PBXBuildFile; fileRef = B07EFFAF2D174EF600B12717 /* InsertComment.swift */; };
		B096261D2D43E455009FB7C6 /* PostHeader.swift in Sources */ = {isa = PBXBuildFile; fileRef = B096261C2D43E455009FB7C6 /* PostHeader.swift */; };
		B0CC0E9B2C7613C600D2B168 /* daysApp.swift in Sources */ = {isa = PBXBuildFile; fileRef = B0CC0E9A2C7613C600D2B168 /* daysApp.swift */; };
		B0CC0E9F2C7613C800D2B168 /* Assets.xcassets in Resources */ = {isa = PBXBuildFile; fileRef = B0CC0E9E2C7613C800D2B168 /* Assets.xcassets */; };
		B0CC0EA22C7613C800D2B168 /* Preview Assets.xcassets in Resources */ = {isa = PBXBuildFile; fileRef = B0CC0EA12C7613C800D2B168 /* Preview Assets.xcassets */; };
		B0CC0EA82C8CCA9400D2B168 /* ContentView.swift in Sources */ = {isa = PBXBuildFile; fileRef = B0CC0E9C2C7613C600D2B168 /* ContentView.swift */; };
/* End PBXBuildFile section */

/* Begin PBXCopyFilesBuildPhase section */
		B07EFF9E2CFF42A300B12717 /* Embed Frameworks */ = {
			isa = PBXCopyFilesBuildPhase;
			buildActionMask = 2147483647;
			dstPath = "";
			dstSubfolderSpec = 10;
			files = (
			);
			name = "Embed Frameworks";
			runOnlyForDeploymentPostprocessing = 0;
		};
/* End PBXCopyFilesBuildPhase section */

/* Begin PBXFileReference section */
		B07EFF6C2C95E53B00B12717 /* homeView.swift */ = {isa = PBXFileReference; lastKnownFileType = sourcecode.swift; path = homeView.swift; sourceTree = "<group>"; };
		B07EFF6E2C95E9D100B12717 /* timeTableView.swift */ = {isa = PBXFileReference; lastKnownFileType = sourcecode.swift; path = timeTableView.swift; sourceTree = "<group>"; };
		B07EFF722C9C95A900B12717 /* boardView.swift */ = {isa = PBXFileReference; lastKnownFileType = sourcecode.swift; path = boardView.swift; sourceTree = "<group>"; };
		B07EFF742CA04A0D00B12717 /* sendRequest.swift */ = {isa = PBXFileReference; lastKnownFileType = sourcecode.swift; path = sendRequest.swift; sourceTree = "<group>"; };
		B07EFF762CAB1C6D00B12717 /* searchResult.swift */ = {isa = PBXFileReference; lastKnownFileType = sourcecode.swift; path = searchResult.swift; sourceTree = "<group>"; };
		B07EFF782CAB271A00B12717 /* ModalView.swift */ = {isa = PBXFileReference; lastKnownFileType = sourcecode.swift; path = ModalView.swift; sourceTree = "<group>"; };
		B07EFF7A2CB0801000B12717 /* authView.swift */ = {isa = PBXFileReference; lastKnownFileType = sourcecode.swift; path = authView.swift; sourceTree = "<group>"; };
		B07EFF7C2CB1A8BE00B12717 /* authControl.swift */ = {isa = PBXFileReference; lastKnownFileType = sourcecode.swift; path = authControl.swift; sourceTree = "<group>"; };
		B07EFF7E2CB30BC900B12717 /* settingView.swift */ = {isa = PBXFileReference; lastKnownFileType = sourcecode.swift; path = settingView.swift; sourceTree = "<group>"; };
		B07EFF802CB434E900B12717 /* addLectureView.swift */ = {isa = PBXFileReference; lastKnownFileType = sourcecode.swift; path = addLectureView.swift; sourceTree = "<group>"; };
		B07EFF822CB4474B00B12717 /* getFaculties.swift */ = {isa = PBXFileReference; lastKnownFileType = sourcecode.swift; path = getFaculties.swift; sourceTree = "<group>"; };
		B07EFF842CB57D4200B12717 /* searchLecture.swift */ = {isa = PBXFileReference; lastKnownFileType = sourcecode.swift; path = searchLecture.swift; sourceTree = "<group>"; };
		B07EFF862CBB700900B12717 /* searchLectureResult.swift */ = {isa = PBXFileReference; lastKnownFileType = sourcecode.swift; path = searchLectureResult.swift; sourceTree = "<group>"; };
		B07EFF882CBE13EA00B12717 /* resisterLecture.swift */ = {isa = PBXFileReference; lastKnownFileType = sourcecode.swift; path = resisterLecture.swift; sourceTree = "<group>"; };
		B07EFF8A2CBE51C800B12717 /* getPlaces.swift */ = {isa = PBXFileReference; lastKnownFileType = sourcecode.swift; path = getPlaces.swift; sourceTree = "<group>"; };
		B07EFF8C2CC0A80900B12717 /* getUserLectures.swift */ = {isa = PBXFileReference; lastKnownFileType = sourcecode.swift; path = getUserLectures.swift; sourceTree = "<group>"; };
		B07EFF8E2CC2D03100B12717 /* friendTableView.swift */ = {isa = PBXFileReference; lastKnownFileType = sourcecode.swift; path = friendTableView.swift; sourceTree = "<group>"; };
		B07EFF902CC64F7C00B12717 /* getUserData.swift */ = {isa = PBXFileReference; lastKnownFileType = sourcecode.swift; path = getUserData.swift; sourceTree = "<group>"; };
		B07EFF922CC6B04500B12717 /* getBoards.swift */ = {isa = PBXFileReference; lastKnownFileType = sourcecode.swift; path = getBoards.swift; sourceTree = "<group>"; };
		B07EFF942CC6BFCF00B12717 /* getPosts.swift */ = {isa = PBXFileReference; lastKnownFileType = sourcecode.swift; path = getPosts.swift; sourceTree = "<group>"; };
		B07EFF962CC6DC9800B12717 /* postView.swift */ = {isa = PBXFileReference; lastKnownFileType = sourcecode.swift; path = postView.swift; sourceTree = "<group>"; };
		B07EFF9F2CFF4A1A00B12717 /* PostDetailView.swift */ = {isa = PBXFileReference; lastKnownFileType = sourcecode.swift; path = PostDetailView.swift; sourceTree = "<group>"; };
		B07EFFAB2D13352A00B12717 /* Main.swift */ = {isa = PBXFileReference; lastKnownFileType = sourcecode.swift; path = Main.swift; sourceTree = "<group>"; };
		B07EFFAD2D133FBF00B12717 /* GetComments.swift */ = {isa = PBXFileReference; lastKnownFileType = sourcecode.swift; path = GetComments.swift; sourceTree = "<group>"; };
		B07EFFAF2D174EF600B12717 /* InsertComment.swift */ = {isa = PBXFileReference; lastKnownFileType = sourcecode.swift; path = InsertComment.swift; sourceTree = "<group>"; };
		B096261C2D43E455009FB7C6 /* PostHeader.swift */ = {isa = PBXFileReference; lastKnownFileType = sourcecode.swift; path = PostHeader.swift; sourceTree = "<group>"; };
		B0CC0E972C7613C600D2B168 /* days.app */ = {isa = PBXFileReference; explicitFileType = wrapper.application; includeInIndex = 0; path = days.app; sourceTree = BUILT_PRODUCTS_DIR; };
		B0CC0E9A2C7613C600D2B168 /* daysApp.swift */ = {isa = PBXFileReference; lastKnownFileType = sourcecode.swift; path = daysApp.swift; sourceTree = "<group>"; };
		B0CC0E9C2C7613C600D2B168 /* ContentView.swift */ = {isa = PBXFileReference; lastKnownFileType = sourcecode.swift; path = ContentView.swift; sourceTree = "<group>"; };
		B0CC0E9E2C7613C800D2B168 /* Assets.xcassets */ = {isa = PBXFileReference; lastKnownFileType = folder.assetcatalog; path = Assets.xcassets; sourceTree = "<group>"; };
		B0CC0EA12C7613C800D2B168 /* Preview Assets.xcassets */ = {isa = PBXFileReference; lastKnownFileType = folder.assetcatalog; path = "Preview Assets.xcassets"; sourceTree = "<group>"; };
/* End PBXFileReference section */

/* Begin PBXFrameworksBuildPhase section */
		B0CC0E942C7613C600D2B168 /* Frameworks */ = {
			isa = PBXFrameworksBuildPhase;
			buildActionMask = 2147483647;
			files = (
			);
			runOnlyForDeploymentPostprocessing = 0;
		};
/* End PBXFrameworksBuildPhase section */

/* Begin PBXGroup section */
		B07EFFA12CFF4A6200B12717 /* Views */ = {
			isa = PBXGroup;
			children = (
				B07EFFA92CFF555B00B12717 /* home */,
				B07EFFA42CFF514E00B12717 /* board */,
				B07EFFA32CFF510E00B12717 /* main */,
				B07EFFA22CFF504500B12717 /* timeTable */,
			);
			path = Views;
			sourceTree = "<group>";
		};
		B07EFFA22CFF504500B12717 /* timeTable */ = {
			isa = PBXGroup;
			children = (
				B07EFF8E2CC2D03100B12717 /* friendTableView.swift */,
				B07EFF862CBB700900B12717 /* searchLectureResult.swift */,
				B07EFF802CB434E900B12717 /* addLectureView.swift */,
				B07EFF782CAB271A00B12717 /* ModalView.swift */,
				B07EFF762CAB1C6D00B12717 /* searchResult.swift */,
				B07EFF6E2C95E9D100B12717 /* timeTableView.swift */,
			);
			path = timeTable;
			sourceTree = "<group>";
		};
		B07EFFA32CFF510E00B12717 /* main */ = {
			isa = PBXGroup;
			children = (
				B0CC0E9C2C7613C600D2B168 /* ContentView.swift */,
				B0CC0E9A2C7613C600D2B168 /* daysApp.swift */,
			);
			path = main;
			sourceTree = "<group>";
		};
		B07EFFA42CFF514E00B12717 /* board */ = {
			isa = PBXGroup;
			children = (
				B07EFF9F2CFF4A1A00B12717 /* PostDetailView.swift */,
				B07EFF962CC6DC9800B12717 /* postView.swift */,
				B07EFF722C9C95A900B12717 /* boardView.swift */,
				B096261C2D43E455009FB7C6 /* PostHeader.swift */,
			);
			path = board;
			sourceTree = "<group>";
		};
		B07EFFA52CFF534E00B12717 /* Services */ = {
			isa = PBXGroup;
			children = (
				B07EFFAA2D1334BB00B12717 /* main */,
				B07EFFA82CFF553000B12717 /* home */,
				B07EFFA72CFF54B600B12717 /* timeTable */,
				B07EFFA62CFF549B00B12717 /* board */,
			);
			path = Services;
			sourceTree = "<group>";
		};
		B07EFFA62CFF549B00B12717 /* board */ = {
			isa = PBXGroup;
			children = (
				B07EFF942CC6BFCF00B12717 /* getPosts.swift */,
				B07EFF922CC6B04500B12717 /* getBoards.swift */,
				B07EFFAD2D133FBF00B12717 /* GetComments.swift */,
				B07EFFAF2D174EF600B12717 /* InsertComment.swift */,
			);
			path = board;
			sourceTree = "<group>";
		};
		B07EFFA72CFF54B600B12717 /* timeTable */ = {
			isa = PBXGroup;
			children = (
				B07EFF742CA04A0D00B12717 /* sendRequest.swift */,
				B07EFF822CB4474B00B12717 /* getFaculties.swift */,
				B07EFF842CB57D4200B12717 /* searchLecture.swift */,
				B07EFF882CBE13EA00B12717 /* resisterLecture.swift */,
				B07EFF8A2CBE51C800B12717 /* getPlaces.swift */,
				B07EFF8C2CC0A80900B12717 /* getUserLectures.swift */,
			);
			path = timeTable;
			sourceTree = "<group>";
		};
		B07EFFA82CFF553000B12717 /* home */ = {
			isa = PBXGroup;
			children = (
				B07EFF7C2CB1A8BE00B12717 /* authControl.swift */,
				B07EFF902CC64F7C00B12717 /* getUserData.swift */,
			);
			path = home;
			sourceTree = "<group>";
		};
		B07EFFA92CFF555B00B12717 /* home */ = {
			isa = PBXGroup;
			children = (
				B07EFF6C2C95E53B00B12717 /* homeView.swift */,
				B07EFF7E2CB30BC900B12717 /* settingView.swift */,
				B07EFF7A2CB0801000B12717 /* authView.swift */,
			);
			path = home;
			sourceTree = "<group>";
		};
		B07EFFAA2D1334BB00B12717 /* main */ = {
			isa = PBXGroup;
			children = (
				B07EFFAB2D13352A00B12717 /* Main.swift */,
			);
			path = main;
			sourceTree = "<group>";
		};
		B0CC0E8E2C7613C600D2B168 = {
			isa = PBXGroup;
			children = (
				B0CC0E992C7613C600D2B168 /* days */,
				B0CC0E982C7613C600D2B168 /* Products */,
			);
			sourceTree = "<group>";
		};
		B0CC0E982C7613C600D2B168 /* Products */ = {
			isa = PBXGroup;
			children = (
				B0CC0E972C7613C600D2B168 /* days.app */,
			);
			name = Products;
			sourceTree = "<group>";
		};
		B0CC0E992C7613C600D2B168 /* days */ = {
			isa = PBXGroup;
			children = (
				B07EFFA52CFF534E00B12717 /* Services */,
				B07EFFA12CFF4A6200B12717 /* Views */,
				B0CC0E9E2C7613C800D2B168 /* Assets.xcassets */,
				B0CC0EA02C7613C800D2B168 /* Preview Content */,
			);
			path = days;
			sourceTree = "<group>";
		};
		B0CC0EA02C7613C800D2B168 /* Preview Content */ = {
			isa = PBXGroup;
			children = (
				B0CC0EA12C7613C800D2B168 /* Preview Assets.xcassets */,
			);
			path = "Preview Content";
			sourceTree = "<group>";
		};
/* End PBXGroup section */

/* Begin PBXNativeTarget section */
		B0CC0E962C7613C600D2B168 /* days */ = {
			isa = PBXNativeTarget;
			buildConfigurationList = B0CC0EA52C7613C800D2B168 /* Build configuration list for PBXNativeTarget "days" */;
			buildPhases = (
				B0CC0E932C7613C600D2B168 /* Sources */,
				B0CC0E942C7613C600D2B168 /* Frameworks */,
				B0CC0E952C7613C600D2B168 /* Resources */,
				B07EFF9E2CFF42A300B12717 /* Embed Frameworks */,
			);
			buildRules = (
			);
			dependencies = (
			);
			name = days;
			packageProductDependencies = (
			);
			productName = days;
			productReference = B0CC0E972C7613C600D2B168 /* days.app */;
			productType = "com.apple.product-type.application";
		};
/* End PBXNativeTarget section */

/* Begin PBXProject section */
		B0CC0E8F2C7613C600D2B168 /* Project object */ = {
			isa = PBXProject;
			attributes = {
				BuildIndependentTargetsInParallel = 1;
				LastSwiftUpdateCheck = 1540;
				LastUpgradeCheck = 1540;
				TargetAttributes = {
					B0CC0E962C7613C600D2B168 = {
						CreatedOnToolsVersion = 15.4;
					};
				};
			};
			buildConfigurationList = B0CC0E922C7613C600D2B168 /* Build configuration list for PBXProject "days" */;
			compatibilityVersion = "Xcode 14.0";
			developmentRegion = en;
			hasScannedForEncodings = 0;
			knownRegions = (
				en,
				Base,
			);
			mainGroup = B0CC0E8E2C7613C600D2B168;
			packageReferences = (
			);
			productRefGroup = B0CC0E982C7613C600D2B168 /* Products */;
			projectDirPath = "";
			projectRoot = "";
			targets = (
				B0CC0E962C7613C600D2B168 /* days */,
			);
		};
/* End PBXProject section */

/* Begin PBXResourcesBuildPhase section */
		B0CC0E952C7613C600D2B168 /* Resources */ = {
			isa = PBXResourcesBuildPhase;
			buildActionMask = 2147483647;
			files = (
				B0CC0EA22C7613C800D2B168 /* Preview Assets.xcassets in Resources */,
				B0CC0E9F2C7613C800D2B168 /* Assets.xcassets in Resources */,
			);
			runOnlyForDeploymentPostprocessing = 0;
		};
/* End PBXResourcesBuildPhase section */

/* Begin PBXSourcesBuildPhase section */
		B0CC0E932C7613C600D2B168 /* Sources */ = {
			isa = PBXSourcesBuildPhase;
			buildActionMask = 2147483647;
			files = (
				B0CC0EA82C8CCA9400D2B168 /* ContentView.swift in Sources */,
				B07EFF812CB434E900B12717 /* addLectureView.swift in Sources */,
				B07EFF7F2CB30BC900B12717 /* settingView.swift in Sources */,
				B07EFF6D2C95E53B00B12717 /* homeView.swift in Sources */,
				B07EFFB02D174EF600B12717 /* InsertComment.swift in Sources */,
				B07EFF772CAB1C6D00B12717 /* searchResult.swift in Sources */,
				B07EFF832CB4474B00B12717 /* getFaculties.swift in Sources */,
				B07EFF752CA04A0D00B12717 /* sendRequest.swift in Sources */,
				B07EFF8F2CC2D03100B12717 /* friendTableView.swift in Sources */,
				B0CC0E9B2C7613C600D2B168 /* daysApp.swift in Sources */,
				B07EFF732C9C95A900B12717 /* boardView.swift in Sources */,
				B07EFF8D2CC0A80900B12717 /* getUserLectures.swift in Sources */,
				B07EFF932CC6B04500B12717 /* getBoards.swift in Sources */,
				B07EFF7B2CB0801000B12717 /* authView.swift in Sources */,
				B07EFF792CAB271A00B12717 /* ModalView.swift in Sources */,
				B07EFF6F2C95E9D100B12717 /* timeTableView.swift in Sources */,
				B07EFF912CC64F7C00B12717 /* getUserData.swift in Sources */,
				B07EFF872CBB700900B12717 /* searchLectureResult.swift in Sources */,
				B07EFFA02CFF4A1B00B12717 /* PostDetailView.swift in Sources */,
				B07EFF972CC6DC9800B12717 /* postView.swift in Sources */,
				B07EFF8B2CBE51C800B12717 /* getPlaces.swift in Sources */,
				B07EFFAC2D13352A00B12717 /* Main.swift in Sources */,
				B07EFF7D2CB1A8BE00B12717 /* authControl.swift in Sources */,
				B07EFF892CBE13EA00B12717 /* resisterLecture.swift in Sources */,
				B07EFF852CB57D4200B12717 /* searchLecture.swift in Sources */,
				B07EFFAE2D133FBF00B12717 /* GetComments.swift in Sources */,
				B096261D2D43E455009FB7C6 /* PostHeader.swift in Sources */,
				B07EFF952CC6BFCF00B12717 /* getPosts.swift in Sources */,
			);
			runOnlyForDeploymentPostprocessing = 0;
		};
/* End PBXSourcesBuildPhase section */

/* Begin XCBuildConfiguration section */
		B0CC0EA32C7613C800D2B168 /* Debug */ = {
			isa = XCBuildConfiguration;
			buildSettings = {
				ALWAYS_SEARCH_USER_PATHS = NO;
				ASSETCATALOG_COMPILER_GENERATE_SWIFT_ASSET_SYMBOL_EXTENSIONS = YES;
				CLANG_ANALYZER_NONNULL = YES;
				CLANG_ANALYZER_NUMBER_OBJECT_CONVERSION = YES_AGGRESSIVE;
				CLANG_CXX_LANGUAGE_STANDARD = "gnu++20";
				CLANG_ENABLE_MODULES = YES;
				CLANG_ENABLE_OBJC_ARC = YES;
				CLANG_ENABLE_OBJC_WEAK = YES;
				CLANG_WARN_BLOCK_CAPTURE_AUTORELEASING = YES;
				CLANG_WARN_BOOL_CONVERSION = YES;
				CLANG_WARN_COMMA = YES;
				CLANG_WARN_CONSTANT_CONVERSION = YES;
				CLANG_WARN_DEPRECATED_OBJC_IMPLEMENTATIONS = YES;
				CLANG_WARN_DIRECT_OBJC_ISA_USAGE = YES_ERROR;
				CLANG_WARN_DOCUMENTATION_COMMENTS = YES;
				CLANG_WARN_EMPTY_BODY = YES;
				CLANG_WARN_ENUM_CONVERSION = YES;
				CLANG_WARN_INFINITE_RECURSION = YES;
				CLANG_WARN_INT_CONVERSION = YES;
				CLANG_WARN_NON_LITERAL_NULL_CONVERSION = YES;
				CLANG_WARN_OBJC_IMPLICIT_RETAIN_SELF = YES;
				CLANG_WARN_OBJC_LITERAL_CONVERSION = YES;
				CLANG_WARN_OBJC_ROOT_CLASS = YES_ERROR;
				CLANG_WARN_QUOTED_INCLUDE_IN_FRAMEWORK_HEADER = YES;
				CLANG_WARN_RANGE_LOOP_ANALYSIS = YES;
				CLANG_WARN_STRICT_PROTOTYPES = YES;
				CLANG_WARN_SUSPICIOUS_MOVE = YES;
				CLANG_WARN_UNGUARDED_AVAILABILITY = YES_AGGRESSIVE;
				CLANG_WARN_UNREACHABLE_CODE = YES;
				CLANG_WARN__DUPLICATE_METHOD_MATCH = YES;
				COPY_PHASE_STRIP = NO;
				DEBUG_INFORMATION_FORMAT = dwarf;
				ENABLE_STRICT_OBJC_MSGSEND = YES;
				ENABLE_TESTABILITY = YES;
				ENABLE_USER_SCRIPT_SANDBOXING = YES;
				GCC_C_LANGUAGE_STANDARD = gnu17;
				GCC_DYNAMIC_NO_PIC = NO;
				GCC_NO_COMMON_BLOCKS = YES;
				GCC_OPTIMIZATION_LEVEL = 0;
				GCC_PREPROCESSOR_DEFINITIONS = (
					"DEBUG=1",
					"$(inherited)",
				);
				GCC_WARN_64_TO_32_BIT_CONVERSION = YES;
				GCC_WARN_ABOUT_RETURN_TYPE = YES_ERROR;
				GCC_WARN_UNDECLARED_SELECTOR = YES;
				GCC_WARN_UNINITIALIZED_AUTOS = YES_AGGRESSIVE;
				GCC_WARN_UNUSED_FUNCTION = YES;
				GCC_WARN_UNUSED_VARIABLE = YES;
				IPHONEOS_DEPLOYMENT_TARGET = 17.5;
				LOCALIZATION_PREFERS_STRING_CATALOGS = YES;
				MTL_ENABLE_DEBUG_INFO = INCLUDE_SOURCE;
				MTL_FAST_MATH = YES;
				ONLY_ACTIVE_ARCH = YES;
				SDKROOT = iphoneos;
				SWIFT_ACTIVE_COMPILATION_CONDITIONS = "DEBUG $(inherited)";
				SWIFT_OPTIMIZATION_LEVEL = "-Onone";
			};
			name = Debug;
		};
		B0CC0EA42C7613C800D2B168 /* Release */ = {
			isa = XCBuildConfiguration;
			buildSettings = {
				ALWAYS_SEARCH_USER_PATHS = NO;
				ASSETCATALOG_COMPILER_GENERATE_SWIFT_ASSET_SYMBOL_EXTENSIONS = YES;
				CLANG_ANALYZER_NONNULL = YES;
				CLANG_ANALYZER_NUMBER_OBJECT_CONVERSION = YES_AGGRESSIVE;
				CLANG_CXX_LANGUAGE_STANDARD = "gnu++20";
				CLANG_ENABLE_MODULES = YES;
				CLANG_ENABLE_OBJC_ARC = YES;
				CLANG_ENABLE_OBJC_WEAK = YES;
				CLANG_WARN_BLOCK_CAPTURE_AUTORELEASING = YES;
				CLANG_WARN_BOOL_CONVERSION = YES;
				CLANG_WARN_COMMA = YES;
				CLANG_WARN_CONSTANT_CONVERSION = YES;
				CLANG_WARN_DEPRECATED_OBJC_IMPLEMENTATIONS = YES;
				CLANG_WARN_DIRECT_OBJC_ISA_USAGE = YES_ERROR;
				CLANG_WARN_DOCUMENTATION_COMMENTS = YES;
				CLANG_WARN_EMPTY_BODY = YES;
				CLANG_WARN_ENUM_CONVERSION = YES;
				CLANG_WARN_INFINITE_RECURSION = YES;
				CLANG_WARN_INT_CONVERSION = YES;
				CLANG_WARN_NON_LITERAL_NULL_CONVERSION = YES;
				CLANG_WARN_OBJC_IMPLICIT_RETAIN_SELF = YES;
				CLANG_WARN_OBJC_LITERAL_CONVERSION = YES;
				CLANG_WARN_OBJC_ROOT_CLASS = YES_ERROR;
				CLANG_WARN_QUOTED_INCLUDE_IN_FRAMEWORK_HEADER = YES;
				CLANG_WARN_RANGE_LOOP_ANALYSIS = YES;
				CLANG_WARN_STRICT_PROTOTYPES = YES;
				CLANG_WARN_SUSPICIOUS_MOVE = YES;
				CLANG_WARN_UNGUARDED_AVAILABILITY = YES_AGGRESSIVE;
				CLANG_WARN_UNREACHABLE_CODE = YES;
				CLANG_WARN__DUPLICATE_METHOD_MATCH = YES;
				COPY_PHASE_STRIP = NO;
				DEBUG_INFORMATION_FORMAT = "dwarf-with-dsym";
				ENABLE_NS_ASSERTIONS = NO;
				ENABLE_STRICT_OBJC_MSGSEND = YES;
				ENABLE_USER_SCRIPT_SANDBOXING = YES;
				GCC_C_LANGUAGE_STANDARD = gnu17;
				GCC_NO_COMMON_BLOCKS = YES;
				GCC_WARN_64_TO_32_BIT_CONVERSION = YES;
				GCC_WARN_ABOUT_RETURN_TYPE = YES_ERROR;
				GCC_WARN_UNDECLARED_SELECTOR = YES;
				GCC_WARN_UNINITIALIZED_AUTOS = YES_AGGRESSIVE;
				GCC_WARN_UNUSED_FUNCTION = YES;
				GCC_WARN_UNUSED_VARIABLE = YES;
				IPHONEOS_DEPLOYMENT_TARGET = 17.5;
				LOCALIZATION_PREFERS_STRING_CATALOGS = YES;
				MTL_ENABLE_DEBUG_INFO = NO;
				MTL_FAST_MATH = YES;
				SDKROOT = iphoneos;
				SWIFT_COMPILATION_MODE = wholemodule;
				VALIDATE_PRODUCT = YES;
			};
			name = Release;
		};
		B0CC0EA62C7613C800D2B168 /* Debug */ = {
			isa = XCBuildConfiguration;
			buildSettings = {
				ASSETCATALOG_COMPILER_APPICON_NAME = AppIcon;
				ASSETCATALOG_COMPILER_GLOBAL_ACCENT_COLOR_NAME = AccentColor;
				CODE_SIGN_STYLE = Automatic;
				CURRENT_PROJECT_VERSION = 1;
				DEVELOPMENT_ASSET_PATHS = "\"days/Preview Content\"";
				ENABLE_PREVIEWS = YES;
				GENERATE_INFOPLIST_FILE = YES;
				INFOPLIST_KEY_UIApplicationSceneManifest_Generation = YES;
				INFOPLIST_KEY_UIApplicationSupportsIndirectInputEvents = YES;
				INFOPLIST_KEY_UILaunchScreen_Generation = YES;
				INFOPLIST_KEY_UISupportedInterfaceOrientations_iPad = "UIInterfaceOrientationPortrait UIInterfaceOrientationPortraitUpsideDown UIInterfaceOrientationLandscapeLeft UIInterfaceOrientationLandscapeRight";
				INFOPLIST_KEY_UISupportedInterfaceOrientations_iPhone = "UIInterfaceOrientationPortrait UIInterfaceOrientationLandscapeLeft UIInterfaceOrientationLandscapeRight";
				LD_RUNPATH_SEARCH_PATHS = (
					"$(inherited)",
					"@executable_path/Frameworks",
				);
				MARKETING_VERSION = 1.0;
				PRODUCT_BUNDLE_IDENTIFIER = SuiNagayama.days;
				PRODUCT_NAME = "$(TARGET_NAME)";
				SWIFT_EMIT_LOC_STRINGS = YES;
				SWIFT_VERSION = 5.0;
				TARGETED_DEVICE_FAMILY = "1,2";
			};
			name = Debug;
		};
		B0CC0EA72C7613C800D2B168 /* Release */ = {
			isa = XCBuildConfiguration;
			buildSettings = {
				ASSETCATALOG_COMPILER_APPICON_NAME = AppIcon;
				ASSETCATALOG_COMPILER_GLOBAL_ACCENT_COLOR_NAME = AccentColor;
				CODE_SIGN_STYLE = Automatic;
				CURRENT_PROJECT_VERSION = 1;
				DEVELOPMENT_ASSET_PATHS = "\"days/Preview Content\"";
				ENABLE_PREVIEWS = YES;
				GENERATE_INFOPLIST_FILE = YES;
				INFOPLIST_KEY_UIApplicationSceneManifest_Generation = YES;
				INFOPLIST_KEY_UIApplicationSupportsIndirectInputEvents = YES;
				INFOPLIST_KEY_UILaunchScreen_Generation = YES;
				INFOPLIST_KEY_UISupportedInterfaceOrientations_iPad = "UIInterfaceOrientationPortrait UIInterfaceOrientationPortraitUpsideDown UIInterfaceOrientationLandscapeLeft UIInterfaceOrientationLandscapeRight";
				INFOPLIST_KEY_UISupportedInterfaceOrientations_iPhone = "UIInterfaceOrientationPortrait UIInterfaceOrientationLandscapeLeft UIInterfaceOrientationLandscapeRight";
				LD_RUNPATH_SEARCH_PATHS = (
					"$(inherited)",
					"@executable_path/Frameworks",
				);
				MARKETING_VERSION = 1.0;
				PRODUCT_BUNDLE_IDENTIFIER = SuiNagayama.days;
				PRODUCT_NAME = "$(TARGET_NAME)";
				SWIFT_EMIT_LOC_STRINGS = YES;
				SWIFT_VERSION = 5.0;
				TARGETED_DEVICE_FAMILY = "1,2";
			};
			name = Release;
		};
/* End XCBuildConfiguration section */

/* Begin XCConfigurationList section */
		B0CC0E922C7613C600D2B168 /* Build configuration list for PBXProject "days" */ = {
			isa = XCConfigurationList;
			buildConfigurations = (
				B0CC0EA32C7613C800D2B168 /* Debug */,
				B0CC0EA42C7613C800D2B168 /* Release */,
			);
			defaultConfigurationIsVisible = 0;
			defaultConfigurationName = Release;
		};
		B0CC0EA52C7613C800D2B168 /* Build configuration list for PBXNativeTarget "days" */ = {
			isa = XCConfigurationList;
			buildConfigurations = (
				B0CC0EA62C7613C800D2B168 /* Debug */,
				B0CC0EA72C7613C800D2B168 /* Release */,
			);
			defaultConfigurationIsVisible = 0;
			defaultConfigurationName = Release;
		};
/* End XCConfigurationList section */
	};
	rootObject = B0CC0E8F2C7613C600D2B168 /* Project object */;
}
