// !$*UTF8*$!
{
	archiveVersion = 1;
	classes = {
	};
	objectVersion = 56;
	objects = {

/* Begin PBXBuildFile section */
		B07EFF6D2C95E53B00B12717 /* homeView.swift in Sources */ = {isa = PBXBuildFile; fileRef = B07EFF6C2C95E53B00B12717 /* homeView.swift */; };
		B07EFF6F2C95E9D100B12717 /* timeTableView.swift in Sources */ = {isa = PBXBuildFile; fileRef = B07EFF6E2C95E9D100B12717 /* timeTableView.swift */; };
		B07EFF712C9B256E00B12717 /* searchFriends.swift in Sources */ = {isa = PBXBuildFile; fileRef = B07EFF702C9B256E00B12717 /* searchFriends.swift */; };
		B07EFF732C9C95A900B12717 /* boardView.swift in Sources */ = {isa = PBXBuildFile; fileRef = B07EFF722C9C95A900B12717 /* boardView.swift */; };
		B07EFF752CA04A0D00B12717 /* sendRequest.swift in Sources */ = {isa = PBXBuildFile; fileRef = B07EFF742CA04A0D00B12717 /* sendRequest.swift */; };
		B0CC0E9B2C7613C600D2B168 /* daysApp.swift in Sources */ = {isa = PBXBuildFile; fileRef = B0CC0E9A2C7613C600D2B168 /* daysApp.swift */; };
		B0CC0E9F2C7613C800D2B168 /* Assets.xcassets in Resources */ = {isa = PBXBuildFile; fileRef = B0CC0E9E2C7613C800D2B168 /* Assets.xcassets */; };
		B0CC0EA22C7613C800D2B168 /* Preview Assets.xcassets in Resources */ = {isa = PBXBuildFile; fileRef = B0CC0EA12C7613C800D2B168 /* Preview Assets.xcassets */; };
		B0CC0EA82C8CCA9400D2B168 /* ContentView.swift in Sources */ = {isa = PBXBuildFile; fileRef = B0CC0E9C2C7613C600D2B168 /* ContentView.swift */; };
/* End PBXBuildFile section */

/* Begin PBXFileReference section */
		B07EFF6C2C95E53B00B12717 /* homeView.swift */ = {isa = PBXFileReference; lastKnownFileType = sourcecode.swift; path = homeView.swift; sourceTree = "<group>"; };
		B07EFF6E2C95E9D100B12717 /* timeTableView.swift */ = {isa = PBXFileReference; lastKnownFileType = sourcecode.swift; path = timeTableView.swift; sourceTree = "<group>"; };
		B07EFF702C9B256E00B12717 /* searchFriends.swift */ = {isa = PBXFileReference; lastKnownFileType = sourcecode.swift; path = searchFriends.swift; sourceTree = "<group>"; };
		B07EFF722C9C95A900B12717 /* boardView.swift */ = {isa = PBXFileReference; lastKnownFileType = sourcecode.swift; path = boardView.swift; sourceTree = "<group>"; };
		B07EFF742CA04A0D00B12717 /* sendRequest.swift */ = {isa = PBXFileReference; lastKnownFileType = sourcecode.swift; path = sendRequest.swift; sourceTree = "<group>"; };
		B0CC0E972C7613C600D2B168 /* days.app */ = {isa = PBXFileReference; explicitFileType = wrapper.application; includeInIndex = 0; path = days.app; sourceTree = BUILT_PRODUCTS_DIR; };
		B0CC0E9A2C7613C600D2B168 /* daysApp.swift */ = {isa = PBXFileReference; lastKnownFileType = sourcecode.swift; path = daysApp.swift; sourceTree = "<group>"; };
		B0CC0E9C2C7613C600D2B168 /* ContentView.swift */ = {isa = PBXFileReference; lastKnownFileType = sourcecode.swift; path = ContentView.swift; sourceTree = "<group>"; };
		B0CC0E9E2C7613C800D2B168 /* Assets.xcassets */ = {isa = PBXFileReference; lastKnownFileType = folder.assetcatalog; path = Assets.xcassets; sourceTree = "<group>"; };
		B0CC0EA12C7613C800D2B168 /* Preview Assets.xcassets */ = {isa = PBXFileReference; lastKnownFileType = folder.assetcatalog; path = "Preview Assets.xcassets"; sourceTree = "<group>"; };
/* End PBXFileReference section */

/* Begin PBXFrameworksBuildPhase section */
		B0CC0E942C7613C600D2B168 /* Frameworks */ = {
			isa = PBXFrameworksBuildPhase;
			buildActionMask = 2147483647;
			files = (
			);
			runOnlyForDeploymentPostprocessing = 0;
		};
/* End PBXFrameworksBuildPhase section */

/* Begin PBXGroup section */
		B0CC0E8E2C7613C600D2B168 = {
			isa = PBXGroup;
			children = (
				B0CC0E992C7613C600D2B168 /* days */,
				B0CC0E982C7613C600D2B168 /* Products */,
			);
			sourceTree = "<group>";
		};
		B0CC0E982C7613C600D2B168 /* Products */ = {
			isa = PBXGroup;
			children = (
				B0CC0E972C7613C600D2B168 /* days.app */,
			);
			name = Products;
			sourceTree = "<group>";
		};
		B0CC0E992C7613C600D2B168 /* days */ = {
			isa = PBXGroup;
			children = (
				B0CC0E9A2C7613C600D2B168 /* daysApp.swift */,
				B0CC0E9C2C7613C600D2B168 /* ContentView.swift */,
				B0CC0E9E2C7613C800D2B168 /* Assets.xcassets */,
				B0CC0EA02C7613C800D2B168 /* Preview Content */,
				B07EFF6C2C95E53B00B12717 /* homeView.swift */,
				B07EFF6E2C95E9D100B12717 /* timeTableView.swift */,
				B07EFF702C9B256E00B12717 /* searchFriends.swift */,
				B07EFF722C9C95A900B12717 /* boardView.swift */,
				B07EFF742CA04A0D00B12717 /* sendRequest.swift */,
			);
			path = days;
			sourceTree = "<group>";
		};
		B0CC0EA02C7613C800D2B168 /* Preview Content */ = {
			isa = PBXGroup;
			children = (
				B0CC0EA12C7613C800D2B168 /* Preview Assets.xcassets */,
			);
			path = "Preview Content";
			sourceTree = "<group>";
		};
/* End PBXGroup section */

/* Begin PBXNativeTarget section */
		B0CC0E962C7613C600D2B168 /* days */ = {
			isa = PBXNativeTarget;
			buildConfigurationList = B0CC0EA52C7613C800D2B168 /* Build configuration list for PBXNativeTarget "days" */;
			buildPhases = (
				B0CC0E932C7613C600D2B168 /* Sources */,
				B0CC0E942C7613C600D2B168 /* Frameworks */,
				B0CC0E952C7613C600D2B168 /* Resources */,
			);
			buildRules = (
			);
			dependencies = (
			);
			name = days;
			productName = days;
			productReference = B0CC0E972C7613C600D2B168 /* days.app */;
			productType = "com.apple.product-type.application";
		};
/* End PBXNativeTarget section */

/* Begin PBXProject section */
		B0CC0E8F2C7613C600D2B168 /* Project object */ = {
			isa = PBXProject;
			attributes = {
				BuildIndependentTargetsInParallel = 1;
				LastSwiftUpdateCheck = 1540;
				LastUpgradeCheck = 1540;
				TargetAttributes = {
					B0CC0E962C7613C600D2B168 = {
						CreatedOnToolsVersion = 15.4;
					};
				};
			};
			buildConfigurationList = B0CC0E922C7613C600D2B168 /* Build configuration list for PBXProject "days" */;
			compatibilityVersion = "Xcode 14.0";
			developmentRegion = en;
			hasScannedForEncodings = 0;
			knownRegions = (
				en,
				Base,
			);
			mainGroup = B0CC0E8E2C7613C600D2B168;
			productRefGroup = B0CC0E982C7613C600D2B168 /* Products */;
			projectDirPath = "";
			projectRoot = "";
			targets = (
				B0CC0E962C7613C600D2B168 /* days */,
			);
		};
/* End PBXProject section */

/* Begin PBXResourcesBuildPhase section */
		B0CC0E952C7613C600D2B168 /* Resources */ = {
			isa = PBXResourcesBuildPhase;
			buildActionMask = 2147483647;
			files = (
				B0CC0EA22C7613C800D2B168 /* Preview Assets.xcassets in Resources */,
				B0CC0E9F2C7613C800D2B168 /* Assets.xcassets in Resources */,
			);
			runOnlyForDeploymentPostprocessing = 0;
		};
/* End PBXResourcesBuildPhase section */

/* Begin PBXSourcesBuildPhase section */
		B0CC0E932C7613C600D2B168 /* Sources */ = {
			isa = PBXSourcesBuildPhase;
			buildActionMask = 2147483647;
			files = (
				B0CC0EA82C8CCA9400D2B168 /* ContentView.swift in Sources */,
				B07EFF6D2C95E53B00B12717 /* homeView.swift in Sources */,
				B07EFF752CA04A0D00B12717 /* sendRequest.swift in Sources */,
				B0CC0E9B2C7613C600D2B168 /* daysApp.swift in Sources */,
				B07EFF732C9C95A900B12717 /* boardView.swift in Sources */,
				B07EFF712C9B256E00B12717 /* searchFriends.swift in Sources */,
				B07EFF6F2C95E9D100B12717 /* timeTableView.swift in Sources */,
			);
			runOnlyForDeploymentPostprocessing = 0;
		};
/* End PBXSourcesBuildPhase section */

/* Begin XCBuildConfiguration section */
		B0CC0EA32C7613C800D2B168 /* Debug */ = {
			isa = XCBuildConfiguration;
			buildSettings = {
				ALWAYS_SEARCH_USER_PATHS = NO;
				ASSETCATALOG_COMPILER_GENERATE_SWIFT_ASSET_SYMBOL_EXTENSIONS = YES;
				CLANG_ANALYZER_NONNULL = YES;
				CLANG_ANALYZER_NUMBER_OBJECT_CONVERSION = YES_AGGRESSIVE;
				CLANG_CXX_LANGUAGE_STANDARD = "gnu++20";
				CLANG_ENABLE_MODULES = YES;
				CLANG_ENABLE_OBJC_ARC = YES;
				CLANG_ENABLE_OBJC_WEAK = YES;
				CLANG_WARN_BLOCK_CAPTURE_AUTORELEASING = YES;
				CLANG_WARN_BOOL_CONVERSION = YES;
				CLANG_WARN_COMMA = YES;
				CLANG_WARN_CONSTANT_CONVERSION = YES;
				CLANG_WARN_DEPRECATED_OBJC_IMPLEMENTATIONS = YES;
				CLANG_WARN_DIRECT_OBJC_ISA_USAGE = YES_ERROR;
				CLANG_WARN_DOCUMENTATION_COMMENTS = YES;
				CLANG_WARN_EMPTY_BODY = YES;
				CLANG_WARN_ENUM_CONVERSION = YES;
				CLANG_WARN_INFINITE_RECURSION = YES;
				CLANG_WARN_INT_CONVERSION = YES;
				CLANG_WARN_NON_LITERAL_NULL_CONVERSION = YES;
				CLANG_WARN_OBJC_IMPLICIT_RETAIN_SELF = YES;
				CLANG_WARN_OBJC_LITERAL_CONVERSION = YES;
				CLANG_WARN_OBJC_ROOT_CLASS = YES_ERROR;
				CLANG_WARN_QUOTED_INCLUDE_IN_FRAMEWORK_HEADER = YES;
				CLANG_WARN_RANGE_LOOP_ANALYSIS = YES;
				CLANG_WARN_STRICT_PROTOTYPES = YES;
				CLANG_WARN_SUSPICIOUS_MOVE = YES;
				CLANG_WARN_UNGUARDED_AVAILABILITY = YES_AGGRESSIVE;
				CLANG_WARN_UNREACHABLE_CODE = YES;
				CLANG_WARN__DUPLICATE_METHOD_MATCH = YES;
				COPY_PHASE_STRIP = NO;
				DEBUG_INFORMATION_FORMAT = dwarf;
				ENABLE_STRICT_OBJC_MSGSEND = YES;
				ENABLE_TESTABILITY = YES;
				ENABLE_USER_SCRIPT_SANDBOXING = YES;
				GCC_C_LANGUAGE_STANDARD = gnu17;
				GCC_DYNAMIC_NO_PIC = NO;
				GCC_NO_COMMON_BLOCKS = YES;
				GCC_OPTIMIZATION_LEVEL = 0;
				GCC_PREPROCESSOR_DEFINITIONS = (
					"DEBUG=1",
					"$(inherited)",
				);
				GCC_WARN_64_TO_32_BIT_CONVERSION = YES;
				GCC_WARN_ABOUT_RETURN_TYPE = YES_ERROR;
				GCC_WARN_UNDECLARED_SELECTOR = YES;
				GCC_WARN_UNINITIALIZED_AUTOS = YES_AGGRESSIVE;
				GCC_WARN_UNUSED_FUNCTION = YES;
				GCC_WARN_UNUSED_VARIABLE = YES;
				IPHONEOS_DEPLOYMENT_TARGET = 17.5;
				LOCALIZATION_PREFERS_STRING_CATALOGS = YES;
				MTL_ENABLE_DEBUG_INFO = INCLUDE_SOURCE;
				MTL_FAST_MATH = YES;
				ONLY_ACTIVE_ARCH = YES;
				SDKROOT = iphoneos;
				SWIFT_ACTIVE_COMPILATION_CONDITIONS = "DEBUG $(inherited)";
				SWIFT_OPTIMIZATION_LEVEL = "-Onone";
			};
			name = Debug;
		};
		B0CC0EA42C7613C800D2B168 /* Release */ = {
			isa = XCBuildConfiguration;
			buildSettings = {
				ALWAYS_SEARCH_USER_PATHS = NO;
				ASSETCATALOG_COMPILER_GENERATE_SWIFT_ASSET_SYMBOL_EXTENSIONS = YES;
				CLANG_ANALYZER_NONNULL = YES;
				CLANG_ANALYZER_NUMBER_OBJECT_CONVERSION = YES_AGGRESSIVE;
				CLANG_CXX_LANGUAGE_STANDARD = "gnu++20";
				CLANG_ENABLE_MODULES = YES;
				CLANG_ENABLE_OBJC_ARC = YES;
				CLANG_ENABLE_OBJC_WEAK = YES;
				CLANG_WARN_BLOCK_CAPTURE_AUTORELEASING = YES;
				CLANG_WARN_BOOL_CONVERSION = YES;
				CLANG_WARN_COMMA = YES;
				CLANG_WARN_CONSTANT_CONVERSION = YES;
				CLANG_WARN_DEPRECATED_OBJC_IMPLEMENTATIONS = YES;
				CLANG_WARN_DIRECT_OBJC_ISA_USAGE = YES_ERROR;
				CLANG_WARN_DOCUMENTATION_COMMENTS = YES;
				CLANG_WARN_EMPTY_BODY = YES;
				CLANG_WARN_ENUM_CONVERSION = YES;
				CLANG_WARN_INFINITE_RECURSION = YES;
				CLANG_WARN_INT_CONVERSION = YES;
				CLANG_WARN_NON_LITERAL_NULL_CONVERSION = YES;
				CLANG_WARN_OBJC_IMPLICIT_RETAIN_SELF = YES;
				CLANG_WARN_OBJC_LITERAL_CONVERSION = YES;
				CLANG_WARN_OBJC_ROOT_CLASS = YES_ERROR;
				CLANG_WARN_QUOTED_INCLUDE_IN_FRAMEWORK_HEADER = YES;
				CLANG_WARN_RANGE_LOOP_ANALYSIS = YES;
				CLANG_WARN_STRICT_PROTOTYPES = YES;
				CLANG_WARN_SUSPICIOUS_MOVE = YES;
				CLANG_WARN_UNGUARDED_AVAILABILITY = YES_AGGRESSIVE;
				CLANG_WARN_UNREACHABLE_CODE = YES;
				CLANG_WARN__DUPLICATE_METHOD_MATCH = YES;
				COPY_PHASE_STRIP = NO;
				DEBUG_INFORMATION_FORMAT = "dwarf-with-dsym";
				ENABLE_NS_ASSERTIONS = NO;
				ENABLE_STRICT_OBJC_MSGSEND = YES;
				ENABLE_USER_SCRIPT_SANDBOXING = YES;
				GCC_C_LANGUAGE_STANDARD = gnu17;
				GCC_NO_COMMON_BLOCKS = YES;
				GCC_WARN_64_TO_32_BIT_CONVERSION = YES;
				GCC_WARN_ABOUT_RETURN_TYPE = YES_ERROR;
				GCC_WARN_UNDECLARED_SELECTOR = YES;
				GCC_WARN_UNINITIALIZED_AUTOS = YES_AGGRESSIVE;
				GCC_WARN_UNUSED_FUNCTION = YES;
				GCC_WARN_UNUSED_VARIABLE = YES;
				IPHONEOS_DEPLOYMENT_TARGET = 17.5;
				LOCALIZATION_PREFERS_STRING_CATALOGS = YES;
				MTL_ENABLE_DEBUG_INFO = NO;
				MTL_FAST_MATH = YES;
				SDKROOT = iphoneos;
				SWIFT_COMPILATION_MODE = wholemodule;
				VALIDATE_PRODUCT = YES;
			};
			name = Release;
		};
		B0CC0EA62C7613C800D2B168 /* Debug */ = {
			isa = XCBuildConfiguration;
			buildSettings = {
				ASSETCATALOG_COMPILER_APPICON_NAME = AppIcon;
				ASSETCATALOG_COMPILER_GLOBAL_ACCENT_COLOR_NAME = AccentColor;
				CODE_SIGN_STYLE = Automatic;
				CURRENT_PROJECT_VERSION = 1;
				DEVELOPMENT_ASSET_PATHS = "\"days/Preview Content\"";
				ENABLE_PREVIEWS = YES;
				GENERATE_INFOPLIST_FILE = YES;
				INFOPLIST_KEY_UIApplicationSceneManifest_Generation = YES;
				INFOPLIST_KEY_UIApplicationSupportsIndirectInputEvents = YES;
				INFOPLIST_KEY_UILaunchScreen_Generation = YES;
				INFOPLIST_KEY_UISupportedInterfaceOrientations_iPad = "UIInterfaceOrientationPortrait UIInterfaceOrientationPortraitUpsideDown UIInterfaceOrientationLandscapeLeft UIInterfaceOrientationLandscapeRight";
				INFOPLIST_KEY_UISupportedInterfaceOrientations_iPhone = "UIInterfaceOrientationPortrait UIInterfaceOrientationLandscapeLeft UIInterfaceOrientationLandscapeRight";
				LD_RUNPATH_SEARCH_PATHS = (
					"$(inherited)",
					"@executable_path/Frameworks",
				);
				MARKETING_VERSION = 1.0;
				PRODUCT_BUNDLE_IDENTIFIER = SuiNagayama.days;
				PRODUCT_NAME = "$(TARGET_NAME)";
				SWIFT_EMIT_LOC_STRINGS = YES;
				SWIFT_VERSION = 5.0;
				TARGETED_DEVICE_FAMILY = "1,2";
			};
			name = Debug;
		};
		B0CC0EA72C7613C800D2B168 /* Release */ = {
			isa = XCBuildConfiguration;
			buildSettings = {
				ASSETCATALOG_COMPILER_APPICON_NAME = AppIcon;
				ASSETCATALOG_COMPILER_GLOBAL_ACCENT_COLOR_NAME = AccentColor;
				CODE_SIGN_STYLE = Automatic;
				CURRENT_PROJECT_VERSION = 1;
				DEVELOPMENT_ASSET_PATHS = "\"days/Preview Content\"";
				ENABLE_PREVIEWS = YES;
				GENERATE_INFOPLIST_FILE = YES;
				INFOPLIST_KEY_UIApplicationSceneManifest_Generation = YES;
				INFOPLIST_KEY_UIApplicationSupportsIndirectInputEvents = YES;
				INFOPLIST_KEY_UILaunchScreen_Generation = YES;
				INFOPLIST_KEY_UISupportedInterfaceOrientations_iPad = "UIInterfaceOrientationPortrait UIInterfaceOrientationPortraitUpsideDown UIInterfaceOrientationLandscapeLeft UIInterfaceOrientationLandscapeRight";
				INFOPLIST_KEY_UISupportedInterfaceOrientations_iPhone = "UIInterfaceOrientationPortrait UIInterfaceOrientationLandscapeLeft UIInterfaceOrientationLandscapeRight";
				LD_RUNPATH_SEARCH_PATHS = (
					"$(inherited)",
					"@executable_path/Frameworks",
				);
				MARKETING_VERSION = 1.0;
				PRODUCT_BUNDLE_IDENTIFIER = SuiNagayama.days;
				PRODUCT_NAME = "$(TARGET_NAME)";
				SWIFT_EMIT_LOC_STRINGS = YES;
				SWIFT_VERSION = 5.0;
				TARGETED_DEVICE_FAMILY = "1,2";
			};
			name = Release;
		};
/* End XCBuildConfiguration section */

/* Begin XCConfigurationList section */
		B0CC0E922C7613C600D2B168 /* Build configuration list for PBXProject "days" */ = {
			isa = XCConfigurationList;
			buildConfigurations = (
				B0CC0EA32C7613C800D2B168 /* Debug */,
				B0CC0EA42C7613C800D2B168 /* Release */,
			);
			defaultConfigurationIsVisible = 0;
			defaultConfigurationName = Release;
		};
		B0CC0EA52C7613C800D2B168 /* Build configuration list for PBXNativeTarget "days" */ = {
			isa = XCConfigurationList;
			buildConfigurations = (
				B0CC0EA62C7613C800D2B168 /* Debug */,
				B0CC0EA72C7613C800D2B168 /* Release */,
			);
			defaultConfigurationIsVisible = 0;
			defaultConfigurationName = Release;
		};
/* End XCConfigurationList section */
	};
	rootObject = B0CC0E8F2C7613C600D2B168 /* Project object */;
}
